
Microsoft Visual Studio Solution File, Format Version 12.00
# Visual Studio Version 16
VisualStudioVersion = 16.0.808.4
MinimumVisualStudioVersion = 10.0.40219.1
Project("{FAE04EC0-301F-11D3-BF4B-00C04F79EFBC}") = "StudioAreaOfCircle", "StudioAreaOfCircle\StudioAreaOfCircle.csproj", "{B10F03A8-5218-4511-B696-3D55692F9AFA}"
EndProject
Global
	GlobalSection(SolutionConfigurationPlatforms) = preSolution
		Debug|Any CPU = Debug|Any CPU
		Release|Any CPU = Release|Any CPU
	EndGlobalSection
	GlobalSection(ProjectConfigurationPlatforms) = postSolution
		{B10F03A8-5218-4511-B696-3D55692F9AFA}.Debug|Any CPU.ActiveCfg = Debug|Any CPU
		{B10F03A8-5218-4511-B696-3D55692F9AFA}.Debug|Any CPU.Build.0 = Debug|Any CPU
		{B10F03A8-5218-4511-B696-3D55692F9AFA}.Release|Any CPU.ActiveCfg = Release|Any CPU
		{B10F03A8-5218-4511-B696-3D55692F9AFA}.Release|Any CPU.Build.0 = Release|Any CPU
	EndGlobalSection
	GlobalSection(SolutionProperties) = preSolution
		HideSolutionNode = FALSE
	EndGlobalSection
	GlobalSection(ExtensibilityGlobals) = postSolution
		SolutionGuid = {0EA4385B-482E-425E-8566-172D4DE59CA0}
	EndGlobalSection
EndGlobal
